
Microsoft Visual Studio Solution File, Format Version 12.00
# Visual Studio Version 16
VisualStudioVersion = 16.0.30413.136
MinimumVisualStudioVersion = 10.0.40219.1
Project("{FAE04EC0-301F-11D3-BF4B-00C04F79EFBC}") = "OOPCar", "OOPCar\OOPCar.csproj", "{C729193D-802C-4FD8-91F8-303DA2AC84D4}"
EndProject
Project("{FAE04EC0-301F-11D3-BF4B-00C04F79EFBC}") = "ObjectsFromFile", "ObjectsFrimFile\ObjectsFromFile.csproj", "{CA26A45F-99B2-420B-A281-FA547DE384DC}"
EndProject
Global
	GlobalSection(SolutionConfigurationPlatforms) = preSolution
		Debug|Any CPU = Debug|Any CPU
		Release|Any CPU = Release|Any CPU
	EndGlobalSection
	GlobalSection(ProjectConfigurationPlatforms) = postSolution
		{C729193D-802C-4FD8-91F8-303DA2AC84D4}.Debug|Any CPU.ActiveCfg = Debug|Any CPU
		{C729193D-802C-4FD8-91F8-303DA2AC84D4}.Debug|Any CPU.Build.0 = Debug|Any CPU
		{C729193D-802C-4FD8-91F8-303DA2AC84D4}.Release|Any CPU.ActiveCfg = Release|Any CPU
		{C729193D-802C-4FD8-91F8-303DA2AC84D4}.Release|Any CPU.Build.0 = Release|Any CPU
		{CA26A45F-99B2-420B-A281-FA547DE384DC}.Debug|Any CPU.ActiveCfg = Debug|Any CPU
		{CA26A45F-99B2-420B-A281-FA547DE384DC}.Debug|Any CPU.Build.0 = Debug|Any CPU
		{CA26A45F-99B2-420B-A281-FA547DE384DC}.Release|Any CPU.ActiveCfg = Release|Any CPU
		{CA26A45F-99B2-420B-A281-FA547DE384DC}.Release|Any CPU.Build.0 = Release|Any CPU
	EndGlobalSection
	GlobalSection(SolutionProperties) = preSolution
		HideSolutionNode = FALSE
	EndGlobalSection
	GlobalSection(ExtensibilityGlobals) = postSolution
		SolutionGuid = {5A7E4423-862F-4667-A382-E7C15761AFB7}
	EndGlobalSection
EndGlobal
